github.com/fastrodev/fastrex v0.0.0-20211008073151-687f0b90ec18 h1:zpkkUUD8ydcNEvOw5pC6b+cFyYiWq/mP1MZhMByxI3M=
github.com/fastrodev/fastrex v0.0.0-20211008073151-687f0b90ec18/go.mod h1:ifRnR+fygX9xhD6pBbTl5Yuaeo/oQqF2N3mwmBJPogM=
github.com/fastrodev/fastrex v0.0.0-20211031022818-0858cde912c6 h1:MQHzVu256Hi8pMertuMJ21tlO0bCcG/P8PCzFAzDw/o=
github.com/fastrodev/fastrex v0.0.0-20211031022818-0858cde912c6/go.mod h1:ifRnR+fygX9xhD6pBbTl5Yuaeo/oQqF2N3mwmBJPogM=
